
Microsoft Visual Studio Solution File, Format Version 12.00
# Visual Studio Version 16
VisualStudioVersion = 16.0.30517.126
MinimumVisualStudioVersion = 10.0.40219.1
Project("{FAE04EC0-301F-11D3-BF4B-00C04F79EFBC}") = "ControlFlow", "ControlFlow\ControlFlow.csproj", "{64A9D58E-93F5-44FB-A820-8102319C4284}"
EndProject
Project("{FAE04EC0-301F-11D3-BF4B-00C04F79EFBC}") = "WhenWereYouBorn", "WhenWereYouBorn\WhenWereYouBorn.csproj", "{E31ED088-9DDC-451D-9FAA-6B732FD854C9}"
EndProject
Project("{9A19103F-16F7-4668-BE54-9A1E7A4F7556}") = "HowOldAreYou", "..\..\..\LOGITpe21\HowOldAreYou\HowOldAreYou\HowOldAreYou.csproj", "{164CBE4B-9D0C-44A0-A151-8A29B2A53F1C}"
EndProject
Project("{9A19103F-16F7-4668-BE54-9A1E7A4F7556}") = "GreetingsV2", "..\..\..\LOGITpe21\Greetings\GreetingsV2\GreetingsV2.csproj", "{388B9E86-588D-487B-B7FC-56B89ECA8A53}"
EndProject
Project("{FAE04EC0-301F-11D3-BF4B-00C04F79EFBC}") = "DrivingLicence", "DrivingLicence\DrivingLicence.csproj", "{1FA8150D-B2F8-4820-9EA7-EBD3E1BD41BA}"
EndProject
Global
	GlobalSection(SolutionConfigurationPlatforms) = preSolution
		Debug|Any CPU = Debug|Any CPU
		Release|Any CPU = Release|Any CPU
	EndGlobalSection
	GlobalSection(ProjectConfigurationPlatforms) = postSolution
		{64A9D58E-93F5-44FB-A820-8102319C4284}.Debug|Any CPU.ActiveCfg = Debug|Any CPU
		{64A9D58E-93F5-44FB-A820-8102319C4284}.Debug|Any CPU.Build.0 = Debug|Any CPU
		{64A9D58E-93F5-44FB-A820-8102319C4284}.Release|Any CPU.ActiveCfg = Release|Any CPU
		{64A9D58E-93F5-44FB-A820-8102319C4284}.Release|Any CPU.Build.0 = Release|Any CPU
		{E31ED088-9DDC-451D-9FAA-6B732FD854C9}.Debug|Any CPU.ActiveCfg = Debug|Any CPU
		{E31ED088-9DDC-451D-9FAA-6B732FD854C9}.Debug|Any CPU.Build.0 = Debug|Any CPU
		{E31ED088-9DDC-451D-9FAA-6B732FD854C9}.Release|Any CPU.ActiveCfg = Release|Any CPU
		{E31ED088-9DDC-451D-9FAA-6B732FD854C9}.Release|Any CPU.Build.0 = Release|Any CPU
		{164CBE4B-9D0C-44A0-A151-8A29B2A53F1C}.Debug|Any CPU.ActiveCfg = Debug|Any CPU
		{164CBE4B-9D0C-44A0-A151-8A29B2A53F1C}.Debug|Any CPU.Build.0 = Debug|Any CPU
		{164CBE4B-9D0C-44A0-A151-8A29B2A53F1C}.Release|Any CPU.ActiveCfg = Release|Any CPU
		{164CBE4B-9D0C-44A0-A151-8A29B2A53F1C}.Release|Any CPU.Build.0 = Release|Any CPU
		{388B9E86-588D-487B-B7FC-56B89ECA8A53}.Debug|Any CPU.ActiveCfg = Debug|Any CPU
		{388B9E86-588D-487B-B7FC-56B89ECA8A53}.Debug|Any CPU.Build.0 = Debug|Any CPU
		{388B9E86-588D-487B-B7FC-56B89ECA8A53}.Release|Any CPU.ActiveCfg = Release|Any CPU
		{388B9E86-588D-487B-B7FC-56B89ECA8A53}.Release|Any CPU.Build.0 = Release|Any CPU
		{1FA8150D-B2F8-4820-9EA7-EBD3E1BD41BA}.Debug|Any CPU.ActiveCfg = Debug|Any CPU
		{1FA8150D-B2F8-4820-9EA7-EBD3E1BD41BA}.Debug|Any CPU.Build.0 = Debug|Any CPU
		{1FA8150D-B2F8-4820-9EA7-EBD3E1BD41BA}.Release|Any CPU.ActiveCfg = Release|Any CPU
		{1FA8150D-B2F8-4820-9EA7-EBD3E1BD41BA}.Release|Any CPU.Build.0 = Release|Any CPU
	EndGlobalSection
	GlobalSection(SolutionProperties) = preSolution
		HideSolutionNode = FALSE
	EndGlobalSection
	GlobalSection(ExtensibilityGlobals) = postSolution
		SolutionGuid = {8F2E0165-0BFB-4169-BFA7-0CF1F656116C}
	EndGlobalSection
EndGlobal
